{
  "lockfile_version": "1",
  "packages": {
    "detect-secrets@latest": {
      "last_modified": "2025-02-07T11:26:36Z",
      "resolved": "github:NixOS/nixpkgs/d98abf5cf5914e5e4e9d57205e3af55ca90ffc1d#detect-secrets",
      "source": "devbox-search",
      "version": "1.5.0",
      "systems": {
        "aarch64-darwin": {
          "outputs": [
            {
              "name": "out",
              "path": "/nix/store/h0gpapwlay2rh7k8vrb1bl6a9iv2vqxj-python3.12-detect-secrets-1.5.0",
              "default": true
            },
            {
              "name": "dist",
              "path": "/nix/store/nf5yfizm7pm070f1kcbvkn1yk4g5bkql-python3.12-detect-secrets-1.5.0-dist"
            }
          ],
          "store_path": "/nix/store/h0gpapwlay2rh7k8vrb1bl6a9iv2vqxj-python3.12-detect-secrets-1.5.0"
        },
        "aarch64-linux": {
          "outputs": [
            {
              "name": "out",
              "path": "/nix/store/6j4v93i89cvxaz9qzi96qc87pnrd6k4b-python3.12-detect-secrets-1.5.0",
              "default": true
            },
            {
              "name": "dist",
              "path": "/nix/store/ln61hdapxha5jp4l138xf3226bqjyk79-python3.12-detect-secrets-1.5.0-dist"
            }
          ],
          "store_path": "/nix/store/6j4v93i89cvxaz9qzi96qc87pnrd6k4b-python3.12-detect-secrets-1.5.0"
        },
        "x86_64-darwin": {
          "outputs": [
            {
              "name": "out",
              "path": "/nix/store/c3qzfm40bvsszccr9isd8aq5bmbw7x41-python3.12-detect-secrets-1.5.0",
              "default": true
            },
            {
              "name": "dist",
              "path": "/nix/store/xqv4h9g2zakgpx8w7mg86j5x4hidhfr2-python3.12-detect-secrets-1.5.0-dist"
            }
          ],
          "store_path": "/nix/store/c3qzfm40bvsszccr9isd8aq5bmbw7x41-python3.12-detect-secrets-1.5.0"
        },
        "x86_64-linux": {
          "outputs": [
            {
              "name": "out",
              "path": "/nix/store/yph6drqnqpdrqsp443p740z50qbsc23f-python3.12-detect-secrets-1.5.0",
              "default": true
            },
            {
              "name": "dist",
              "path": "/nix/store/7gsjy80qwdyvr1k5p1p55w1y7c90yklb-python3.12-detect-secrets-1.5.0-dist"
            }
          ],
          "store_path": "/nix/store/yph6drqnqpdrqsp443p740z50qbsc23f-python3.12-detect-secrets-1.5.0"
        }
      }
    },
    "git@latest": {
      "last_modified": "2025-02-23T09:42:26Z",
      "resolved": "github:NixOS/nixpkgs/2d068ae5c6516b2d04562de50a58c682540de9bf#git",
      "source": "devbox-search",
      "version": "2.48.1",
      "systems": {
        "aarch64-darwin": {
          "outputs": [
            {
              "name": "out",
              "path": "/nix/store/48bd3kx9xl36ixnzax9chik2y2l7lx9m-git-2.48.1",
              "default": true
            },
            {
              "name": "doc",
              "path": "/nix/store/7clrn7z9dxxl1n9hy2vy5nrk58mrb258-git-2.48.1-doc"
            }
          ],
          "store_path": "/nix/store/48bd3kx9xl36ixnzax9chik2y2l7lx9m-git-2.48.1"
        },
        "aarch64-linux": {
          "outputs": [
            {
              "name": "out",
              "path": "/nix/store/4rfdh67qx08marb8kwl8pk98pkwl8kiv-git-2.48.1",
              "default": true
            },
            {
              "name": "debug",
              "path": "/nix/store/yf283fv2zlaaaszdcfazbz1rg6d6f18q-git-2.48.1-debug"
            },
            {
              "name": "doc",
              "path": "/nix/store/c9hzqmbywb0basggdaylpc0j3r8j0dxs-git-2.48.1-doc"
            }
          ],
          "store_path": "/nix/store/4rfdh67qx08marb8kwl8pk98pkwl8kiv-git-2.48.1"
        },
        "x86_64-darwin": {
          "outputs": [
            {
              "name": "out",
              "path": "/nix/store/siawz69ch5kb1k1vaak8gbm6w5zmkbz6-git-2.48.1",
              "default": true
            },
            {
              "name": "doc",
              "path": "/nix/store/50346pq535sxngx9r0q1rf1bh0v01pyv-git-2.48.1-doc"
            }
          ],
          "store_path": "/nix/store/siawz69ch5kb1k1vaak8gbm6w5zmkbz6-git-2.48.1"
        },
        "x86_64-linux": {
          "outputs": [
            {
              "name": "out",
              "path": "/nix/store/nj1na0qwqhpd128vr71p70hz9jyhnz5x-git-2.48.1",
              "default": true
            },
            {
              "name": "doc",
              "path": "/nix/store/2g2q2z1rkc9lgy1ib2a5cgl9mrzhqbla-git-2.48.1-doc"
            },
            {
              "name": "debug",
              "path": "/nix/store/7gz9ywl4jw0clbbghaii5xgdivxsdgk3-git-2.48.1-debug"
            }
          ],
          "store_path": "/nix/store/nj1na0qwqhpd128vr71p70hz9jyhnz5x-git-2.48.1"
        }
      }
    },
    "github:NixOS/nixpkgs/nixpkgs-unstable": {
      "resolved": "github:NixOS/nixpkgs/de0fe301211c267807afd11b12613f5511ff7433?lastModified=1741310760&narHash=sha256-aizILFrPgq%2FW53Jw8i0a1h1GZAAKtlYOrG%2FA5r46gVM%3D"
    },
    "pre-commit@latest": {
      "last_modified": "2025-02-24T11:23:12Z",
      "resolved": "github:NixOS/nixpkgs/d9b69c3ec2a2e2e971c534065bdd53374bd68b97#pre-commit",
      "source": "devbox-search",
      "version": "4.0.1",
      "systems": {
        "aarch64-darwin": {
          "outputs": [
            {
              "name": "out",
              "path": "/nix/store/1d72c6irxrvvc81mpds9yl26vglki91k-pre-commit-4.0.1",
              "default": true
            },
            {
              "name": "dist",
              "path": "/nix/store/s2w0cyimcc4qcl65sjh5r6cxafc1h467-pre-commit-4.0.1-dist"
            }
          ],
          "store_path": "/nix/store/1d72c6irxrvvc81mpds9yl26vglki91k-pre-commit-4.0.1"
        },
        "aarch64-linux": {
          "outputs": [
            {
              "name": "out",
              "path": "/nix/store/jjy89zx3q6pjjc5g6vznagn347arysm2-pre-commit-4.0.1",
              "default": true
            },
            {
              "name": "dist",
              "path": "/nix/store/llxn7kzwnkm33wnw34yl379zxv50nhcl-pre-commit-4.0.1-dist"
            }
          ],
          "store_path": "/nix/store/jjy89zx3q6pjjc5g6vznagn347arysm2-pre-commit-4.0.1"
        },
        "x86_64-darwin": {
          "outputs": [
            {
              "name": "out",
              "path": "/nix/store/9f8bsa4n2srnrdxy437lbaar2cyjpjc8-pre-commit-4.0.1",
              "default": true
            },
            {
              "name": "dist",
              "path": "/nix/store/zwsxv57s7hv30mvk669djjyyynzfbqvp-pre-commit-4.0.1-dist"
            }
          ],
          "store_path": "/nix/store/9f8bsa4n2srnrdxy437lbaar2cyjpjc8-pre-commit-4.0.1"
        },
        "x86_64-linux": {
          "outputs": [
            {
              "name": "out",
              "path": "/nix/store/v6v2jdx5jq98vcgsb3yvwl1g2dg6qz54-pre-commit-4.0.1",
              "default": true
            },
            {
              "name": "dist",
              "path": "/nix/store/7pw1rj59id4h05ac2bz58vinixk43l7x-pre-commit-4.0.1-dist"
            }
          ],
          "store_path": "/nix/store/v6v2jdx5jq98vcgsb3yvwl1g2dg6qz54-pre-commit-4.0.1"
        }
      }
    },
    "python@3.13": {
      "last_modified": "2025-02-23T09:42:26Z",
      "plugin_version": "0.0.4",
      "resolved": "github:NixOS/nixpkgs/2d068ae5c6516b2d04562de50a58c682540de9bf#python313",
      "source": "devbox-search",
      "version": "3.13.2",
      "systems": {
        "aarch64-darwin": {
          "outputs": [
            {
              "name": "out",
              "path": "/nix/store/jn2aff295cbc8hpfpnl8iz7zdfi2dyhk-python3-3.13.2",
              "default": true
            }
          ],
          "store_path": "/nix/store/jn2aff295cbc8hpfpnl8iz7zdfi2dyhk-python3-3.13.2"
        },
        "aarch64-linux": {
          "outputs": [
            {
              "name": "out",
              "path": "/nix/store/a7prrjdfdnsrv1clfnh5fl739pwlpl2y-python3-3.13.2",
              "default": true
            },
            {
              "name": "debug",
              "path": "/nix/store/hbf32f6g8radvw14dqrrd28smigr2w5l-python3-3.13.2-debug"
            }
          ],
          "store_path": "/nix/store/a7prrjdfdnsrv1clfnh5fl739pwlpl2y-python3-3.13.2"
        },
        "x86_64-darwin": {
          "outputs": [
            {
              "name": "out",
              "path": "/nix/store/sd10ga8q8w6b7i256zazpfjjpjin0yg0-python3-3.13.2",
              "default": true
            }
          ],
          "store_path": "/nix/store/sd10ga8q8w6b7i256zazpfjjpjin0yg0-python3-3.13.2"
        },
        "x86_64-linux": {
          "outputs": [
            {
              "name": "out",
              "path": "/nix/store/1rp7i946hi7fa2wwx2f66w9jsqjh4n08-python3-3.13.2",
              "default": true
            },
            {
              "name": "debug",
              "path": "/nix/store/y0vrby8n95x50xyvg81wv7rysh2lxz06-python3-3.13.2-debug"
            }
          ],
          "store_path": "/nix/store/1rp7i946hi7fa2wwx2f66w9jsqjh4n08-python3-3.13.2"
        }
      }
    },
    "tflint@latest": {
      "last_modified": "2025-02-07T11:26:36Z",
      "resolved": "github:NixOS/nixpkgs/d98abf5cf5914e5e4e9d57205e3af55ca90ffc1d#tflint",
      "source": "devbox-search",
      "version": "0.55.1",
      "systems": {
        "aarch64-darwin": {
          "outputs": [
            {
              "name": "out",
              "path": "/nix/store/68211bisbjwja8k9y2m25a1mpwzg8qkl-tflint-0.55.1",
              "default": true
            }
          ],
          "store_path": "/nix/store/68211bisbjwja8k9y2m25a1mpwzg8qkl-tflint-0.55.1"
        },
        "aarch64-linux": {
          "outputs": [
            {
              "name": "out",
              "path": "/nix/store/0j1gmqwj26f77rv7v7fcq5f1l8fijjwg-tflint-0.55.1",
              "default": true
            }
          ],
          "store_path": "/nix/store/0j1gmqwj26f77rv7v7fcq5f1l8fijjwg-tflint-0.55.1"
        },
        "x86_64-darwin": {
          "outputs": [
            {
              "name": "out",
              "path": "/nix/store/9sxdfdzhd3v400xir7apm5lqc4yx6wk3-tflint-0.55.1",
              "default": true
            }
          ],
          "store_path": "/nix/store/9sxdfdzhd3v400xir7apm5lqc4yx6wk3-tflint-0.55.1"
        },
        "x86_64-linux": {
          "outputs": [
            {
              "name": "out",
              "path": "/nix/store/l0w06x7r6c419mxc4xdm954j7rlm7xvp-tflint-0.55.1",
              "default": true
            }
          ],
          "store_path": "/nix/store/l0w06x7r6c419mxc4xdm954j7rlm7xvp-tflint-0.55.1"
        }
      }
    }
  }
}
